
Microsoft Visual Studio Solution File, Format Version 12.00
# Visual Studio Version 17
VisualStudioVersion = 17.5.33516.290
MinimumVisualStudioVersion = 10.0.40219.1
Project("{FAE04EC0-301F-11D3-BF4B-00C04F79EFBC}") = "NoDeLib", "NoDeLib\NoDeLib.csproj", "{9F7F6868-71CD-4420-BCD8-12BF7BBDF469}"
EndProject
Project("{FAE04EC0-301F-11D3-BF4B-00C04F79EFBC}") = "Example", "Example\Example.csproj", "{1AC45EE8-ADA6-4578-A009-9338851578D0}"
EndProject
Global
	GlobalSection(SolutionConfigurationPlatforms) = preSolution
		Debug|Any CPU = Debug|Any CPU
		Release|Any CPU = Release|Any CPU
	EndGlobalSection
	GlobalSection(ProjectConfigurationPlatforms) = postSolution
		{9F7F6868-71CD-4420-BCD8-12BF7BBDF469}.Debug|Any CPU.ActiveCfg = Debug|Any CPU
		{9F7F6868-71CD-4420-BCD8-12BF7BBDF469}.Debug|Any CPU.Build.0 = Debug|Any CPU
		{9F7F6868-71CD-4420-BCD8-12BF7BBDF469}.Release|Any CPU.ActiveCfg = Release|Any CPU
		{9F7F6868-71CD-4420-BCD8-12BF7BBDF469}.Release|Any CPU.Build.0 = Release|Any CPU
		{1AC45EE8-ADA6-4578-A009-9338851578D0}.Debug|Any CPU.ActiveCfg = Debug|Any CPU
		{1AC45EE8-ADA6-4578-A009-9338851578D0}.Debug|Any CPU.Build.0 = Debug|Any CPU
		{1AC45EE8-ADA6-4578-A009-9338851578D0}.Release|Any CPU.ActiveCfg = Release|Any CPU
		{1AC45EE8-ADA6-4578-A009-9338851578D0}.Release|Any CPU.Build.0 = Release|Any CPU
	EndGlobalSection
	GlobalSection(SolutionProperties) = preSolution
		HideSolutionNode = FALSE
	EndGlobalSection
	GlobalSection(ExtensibilityGlobals) = postSolution
		SolutionGuid = {E8D823F2-8CCC-4A56-953B-4CEE6AD6057B}
	EndGlobalSection
EndGlobal
